# THIS IS AN AUTOGENERATED FILE. DO NOT EDIT THIS FILE DIRECTLY.
# yarn lockfile v1


"@zaoqi/biwascheme@^0.6.9-4-ecbc0c5c4fd8b90aa64bfbf0214483220e71eea1":
  version "0.6.9-4-ecbc0c5c4fd8b90aa64bfbf0214483220e71eea1"
  resolved "https://registry.yarnpkg.com/@zaoqi/biwascheme/-/biwascheme-0.6.9-4-ecbc0c5c4fd8b90aa64bfbf0214483220e71eea1.tgz#e85555fb145908492c60ad766d799b17b1dd11ab"
  integrity sha512-g4HrA2bc8fL0L5yBSVquTpRwVc3WCPPW36whD1+9q/BIhcS4SpU3H+zDBdLyDqiv4NgkYZZLWSqJRR7FqiI82A==
  dependencies:
    optparse "1.0.5"
    underscore "1.9.1"
    underscore.string "3.3.5"

optparse@1.0.5:
  version "1.0.5"
  resolved "https://registry.yarnpkg.com/optparse/-/optparse-1.0.5.tgz#75e75a96506611eb1c65ba89018ff08a981e2c16"
  integrity sha1-dedallBmEescZbqJAY/wipgeLBY=

sprintf-js@^1.0.3:
  version "1.1.2"
  resolved "https://registry.yarnpkg.com/sprintf-js/-/sprintf-js-1.1.2.tgz#da1765262bf8c0f571749f2ad6c26300207ae673"
  integrity sha512-VE0SOVEHCk7Qc8ulkWw3ntAzXuqf7S2lvwQaDLRnUeIEaKNQJzV6BwmLKhOqT61aGhfUMrXeaBk+oDGCzvhcug==

typescript@^3.6.3:
  version "3.6.3"
  resolved "https://registry.yarnpkg.com/typescript/-/typescript-3.6.3.tgz#fea942fabb20f7e1ca7164ff626f1a9f3f70b4da"
  integrity sha512-N7bceJL1CtRQ2RiG0AQME13ksR7DiuQh/QehubYcghzv20tnh+MQnQIuJddTmsbqYj+dztchykemz0zFzlvdQw==

underscore.string@3.3.5:
  version "3.3.5"
  resolved "https://registry.yarnpkg.com/underscore.string/-/underscore.string-3.3.5.tgz#fc2ad255b8bd309e239cbc5816fd23a9b7ea4023"
  integrity sha512-g+dpmgn+XBneLmXXo+sGlW5xQEt4ErkS3mgeN2GFbremYeMBSJKr9Wf2KJplQVaiPY/f7FN6atosWYNm9ovrYg==
  dependencies:
    sprintf-js "^1.0.3"
    util-deprecate "^1.0.2"

underscore@1.9.1:
  version "1.9.1"
  resolved "https://registry.yarnpkg.com/underscore/-/underscore-1.9.1.tgz#06dce34a0e68a7babc29b365b8e74b8925203961"
  integrity sha512-5/4etnCkd9c8gwgowi5/om/mYO5ajCaOgdzj/oW+0eQV9WxKBDZw5+ycmKmeaTXjInS/W0BzpGLo2xR2aBwZdg==

util-deprecate@^1.0.2:
  version "1.0.2"
  resolved "https://registry.yarnpkg.com/util-deprecate/-/util-deprecate-1.0.2.tgz#450d4dc9fa70de732762fbd2d4a28981419a0ccf"
  integrity sha1-RQ1Nyfpw3nMnYvvS1KKJgUGaDM8=
